
Microsoft Visual Studio Solution File, Format Version 12.00
# Visual Studio Version 17
VisualStudioVersion = 17.4.33213.308
MinimumVisualStudioVersion = 10.0.40219.1
Project("{9A19103F-16F7-4668-BE54-9A1E7A4F7556}") = "UtilityComplaints.WebUI", "UtilityComplaints.WebUI\UtilityComplaints.WebUI.csproj", "{0A1FEE33-9A67-4F4B-849D-414DCADC8CCF}"
EndProject
Project("{9A19103F-16F7-4668-BE54-9A1E7A4F7556}") = "UtilityComplaints.Core", "UtilityComplaints.Core\UtilityComplaints.Core.csproj", "{4C86C6C5-91B4-4417-BF7A-C3E13673E3B6}"
EndProject
Project("{9A19103F-16F7-4668-BE54-9A1E7A4F7556}") = "UtilityComplaints.Infrastructure", "UtilityComplaints.Infrastructure\UtilityComplaints.Infrastructure.csproj", "{A004FCA5-EB0D-4D40-95EB-431A39AC8643}"
EndProject
Project("{2150E333-8FDC-42A3-9474-1A3956D46DE8}") = "Solution Items", "Solution Items", "{1D0C0BEA-9913-418D-8D40-7467D7CE10FD}"
	ProjectSection(SolutionItems) = preProject
		README.md = README.md
	EndProjectSection
EndProject
Global
	GlobalSection(SolutionConfigurationPlatforms) = preSolution
		Debug|Any CPU = Debug|Any CPU
		Release|Any CPU = Release|Any CPU
	EndGlobalSection
	GlobalSection(ProjectConfigurationPlatforms) = postSolution
		{0A1FEE33-9A67-4F4B-849D-414DCADC8CCF}.Debug|Any CPU.ActiveCfg = Debug|Any CPU
		{0A1FEE33-9A67-4F4B-849D-414DCADC8CCF}.Debug|Any CPU.Build.0 = Debug|Any CPU
		{0A1FEE33-9A67-4F4B-849D-414DCADC8CCF}.Release|Any CPU.ActiveCfg = Release|Any CPU
		{0A1FEE33-9A67-4F4B-849D-414DCADC8CCF}.Release|Any CPU.Build.0 = Release|Any CPU
		{4C86C6C5-91B4-4417-BF7A-C3E13673E3B6}.Debug|Any CPU.ActiveCfg = Debug|Any CPU
		{4C86C6C5-91B4-4417-BF7A-C3E13673E3B6}.Debug|Any CPU.Build.0 = Debug|Any CPU
		{4C86C6C5-91B4-4417-BF7A-C3E13673E3B6}.Release|Any CPU.ActiveCfg = Release|Any CPU
		{4C86C6C5-91B4-4417-BF7A-C3E13673E3B6}.Release|Any CPU.Build.0 = Release|Any CPU
		{A004FCA5-EB0D-4D40-95EB-431A39AC8643}.Debug|Any CPU.ActiveCfg = Debug|Any CPU
		{A004FCA5-EB0D-4D40-95EB-431A39AC8643}.Debug|Any CPU.Build.0 = Debug|Any CPU
		{A004FCA5-EB0D-4D40-95EB-431A39AC8643}.Release|Any CPU.ActiveCfg = Release|Any CPU
		{A004FCA5-EB0D-4D40-95EB-431A39AC8643}.Release|Any CPU.Build.0 = Release|Any CPU
	EndGlobalSection
	GlobalSection(SolutionProperties) = preSolution
		HideSolutionNode = FALSE
	EndGlobalSection
	GlobalSection(ExtensibilityGlobals) = postSolution
		SolutionGuid = {DD89B19A-7FA9-4855-9DFD-1BE90909D4DA}
	EndGlobalSection
EndGlobal
